{
    "_readme": [
        "This file locks the dependencies of your project to a known state",
        "Read more about it at https://getcomposer.org/doc/01-basic-usage.md#composer-lock-the-lock-file",
        "This file is @generated automatically"
    ],
    "hash": "54f5874af98700bfe955d29a4cd5378c",
    "packages": [
        {
            "name": "fkooman/http",
            "version": "1.0.1",
            "source": {
                "type": "git",
                "url": "https://github.com/fkooman/php-lib-http.git",
                "reference": "0069355d4797fe51b358e9386d4c6c261a7f0880"
            },
            "dist": {
                "type": "zip",
                "url": "https://api.github.com/repos/fkooman/php-lib-http/zipball/0069355d4797fe51b358e9386d4c6c261a7f0880",
                "reference": "0069355d4797fe51b358e9386d4c6c261a7f0880",
                "shasum": ""
            },
            "require": {
                "ext-mbstring": "*",
                "ext-session": "*",
                "ext-spl": "*",
                "fkooman/json": "^1.0.0",
                "php": ">=5.3.0"
            },
            "suggest": {
                "fkooman/rest": "Simple PHP library for writing REST services."
            },
            "type": "library",
            "autoload": {
                "psr-0": {
                    "fkooman\\Http\\": "src/"
                }
            },
            "notification-url": "https://packagist.org/downloads/",
            "license": [
                "Apache-2.0"
            ],
            "authors": [
                {
                    "name": "François Kooman",
                    "email": "fkooman@tuxed.net",
                    "role": "Developer"
                }
            ],
            "description": "Simple PHP library for dealing with HTTP requests and responses.",
            "time": "2015-09-07 20:18:19"
        },
        {
            "name": "fkooman/ini",
            "version": "1.0.0",
            "source": {
                "type": "git",
                "url": "https://github.com/fkooman/php-lib-ini.git",
                "reference": "b380a88e42ce2184e822cc8b89223cd777c484be"
            },
            "dist": {
                "type": "zip",
                "url": "https://api.github.com/repos/fkooman/php-lib-ini/zipball/b380a88e42ce2184e822cc8b89223cd777c484be",
                "reference": "b380a88e42ce2184e822cc8b89223cd777c484be",
                "shasum": ""
            },
            "require": {
                "ext-spl": "*",
                "php": ">=5.3.3"
            },
            "type": "library",
            "autoload": {
                "psr-0": {
                    "fkooman\\Ini\\": "src/"
                }
            },
            "notification-url": "https://packagist.org/downloads/",
            "license": [
                "Apache-2.0"
            ],
            "authors": [
                {
                    "name": "François Kooman",
                    "email": "fkooman@tuxed.net",
                    "role": "Developer"
                }
            ],
            "description": "Handle INI configuration files",
            "time": "2015-07-13 12:06:01"
        },
        {
            "name": "fkooman/io",
            "version": "1.0.0",
            "source": {
                "type": "git",
                "url": "https://github.com/fkooman/php-lib-io.git",
                "reference": "c529a4815a4534c3118bc248e419c2e06f5bed5c"
            },
            "dist": {
                "type": "zip",
                "url": "https://api.github.com/repos/fkooman/php-lib-io/zipball/c529a4815a4534c3118bc248e419c2e06f5bed5c",
                "reference": "c529a4815a4534c3118bc248e419c2e06f5bed5c",
                "shasum": ""
            },
            "require": {
                "ext-date": "*",
                "ext-openssl": "*",
                "ext-spl": "*",
                "php": ">= 5.3.3"
            },
            "type": "library",
            "autoload": {
                "psr-0": {
                    "fkooman\\IO\\": "src/"
                }
            },
            "notification-url": "https://packagist.org/downloads/",
            "license": [
                "Apache-2.0"
            ],
            "authors": [
                {
                    "name": "François Kooman",
                    "email": "fkooman@tuxed.net"
                }
            ],
            "description": "Simple IO library",
            "time": "2015-07-21 15:48:18"
        },
        {
            "name": "fkooman/json",
            "version": "1.0.0",
            "source": {
                "type": "git",
                "url": "https://github.com/fkooman/php-lib-json.git",
                "reference": "f24b7ee1890b29358402defcd9581a4e969e40d7"
            },
            "dist": {
                "type": "zip",
                "url": "https://api.github.com/repos/fkooman/php-lib-json/zipball/f24b7ee1890b29358402defcd9581a4e969e40d7",
                "reference": "f24b7ee1890b29358402defcd9581a4e969e40d7",
                "shasum": ""
            },
            "require": {
                "ext-json": "*",
                "ext-spl": "*",
                "php": ">=5.3.3"
            },
            "type": "library",
            "autoload": {
                "psr-0": {
                    "fkooman\\Json\\": "src/"
                }
            },
            "notification-url": "https://packagist.org/downloads/",
            "license": [
                "Apache-2.0"
            ],
            "authors": [
                {
                    "name": "François Kooman",
                    "email": "fkooman@tuxed.net",
                    "role": "Developer"
                }
            ],
            "description": "PHP library to encode and decode JSON",
            "time": "2015-07-13 11:58:01"
        },
        {
            "name": "fkooman/rest",
            "version": "1.0.4",
            "source": {
                "type": "git",
                "url": "https://github.com/fkooman/php-lib-rest.git",
                "reference": "bccb1f3725a7b05bc76db5283d752e9eb7bc28b7"
            },
            "dist": {
                "type": "zip",
                "url": "https://api.github.com/repos/fkooman/php-lib-rest/zipball/bccb1f3725a7b05bc76db5283d752e9eb7bc28b7",
                "reference": "bccb1f3725a7b05bc76db5283d752e9eb7bc28b7",
                "shasum": ""
            },
            "require": {
                "ext-pcre": "*",
                "ext-spl": "*",
                "fkooman/http": "^1.0.0",
                "php": ">=5.3.0"
            },
            "suggest": {
                "fkooman/rest-plugin-authentication": "Authentication plugin"
            },
            "type": "library",
            "autoload": {
                "psr-0": {
                    "fkooman\\Rest\\": "src/"
                }
            },
            "notification-url": "https://packagist.org/downloads/",
            "license": [
                "Apache-2.0"
            ],
            "authors": [
                {
                    "name": "François Kooman",
                    "email": "fkooman@tuxed.net",
                    "role": "Developer"
                }
            ],
            "description": "Simple PHP library for writing REST services.",
            "time": "2015-09-07 20:51:18"
        },
        {
            "name": "fkooman/tpl",
            "version": "2.0.0",
            "source": {
                "type": "git",
                "url": "https://github.com/fkooman/php-lib-tpl.git",
                "reference": "ce51fa8da33d231aaeefd4558f1d813a1edc5931"
            },
            "dist": {
                "type": "zip",
                "url": "https://api.github.com/repos/fkooman/php-lib-tpl/zipball/ce51fa8da33d231aaeefd4558f1d813a1edc5931",
                "reference": "ce51fa8da33d231aaeefd4558f1d813a1edc5931",
                "shasum": ""
            },
            "require": {
                "php": ">= 5.3.3"
            },
            "type": "library",
            "autoload": {
                "psr-0": {
                    "fkooman\\Tpl\\": "src/"
                }
            },
            "notification-url": "https://packagist.org/downloads/",
            "license": [
                "Apache-2.0"
            ],
            "authors": [
                {
                    "name": "François Kooman",
                    "email": "fkooman@tuxed.net"
                }
            ],
            "description": "Simple Template Abstraction Library",
            "time": "2015-08-10 11:04:40"
        },
        {
            "name": "fkooman/tpl-twig",
            "version": "1.0.0",
            "source": {
                "type": "git",
                "url": "https://github.com/fkooman/php-lib-tpl-twig.git",
                "reference": "02c3e0e0a568990b54107f1f8dcf05216388aea2"
            },
            "dist": {
                "type": "zip",
                "url": "https://api.github.com/repos/fkooman/php-lib-tpl-twig/zipball/02c3e0e0a568990b54107f1f8dcf05216388aea2",
                "reference": "02c3e0e0a568990b54107f1f8dcf05216388aea2",
                "shasum": ""
            },
            "require": {
                "ext-spl": "*",
                "fkooman/tpl": "^2.0.0",
                "php": ">= 5.3.3",
                "twig/twig": "^1.18"
            },
            "type": "library",
            "autoload": {
                "psr-0": {
                    "fkooman\\Tpl\\Twig\\": "src/"
                }
            },
            "notification-url": "https://packagist.org/downloads/",
            "license": [
                "Apache-2.0"
            ],
            "authors": [
                {
                    "name": "François Kooman",
                    "email": "fkooman@tuxed.net"
                }
            ],
            "description": "Twig for Simple Template Abstraction Library",
            "time": "2015-08-10 11:08:23"
        },
        {
            "name": "phpseclib/phpseclib",
            "version": "2.0.0",
            "source": {
                "type": "git",
                "url": "https://github.com/phpseclib/phpseclib.git",
                "reference": "a74aa9efbe61430fcb60157c8e025a48ec8ff604"
            },
            "dist": {
                "type": "zip",
                "url": "https://api.github.com/repos/phpseclib/phpseclib/zipball/a74aa9efbe61430fcb60157c8e025a48ec8ff604",
                "reference": "a74aa9efbe61430fcb60157c8e025a48ec8ff604",
                "shasum": ""
            },
            "require": {
                "php": ">=5.3.3"
            },
            "require-dev": {
                "phing/phing": "~2.7",
                "phpunit/phpunit": "~4.0",
                "sami/sami": "~2.0",
                "squizlabs/php_codesniffer": "~2.0"
            },
            "suggest": {
                "ext-gmp": "Install the GMP (GNU Multiple Precision) extension in order to speed up arbitrary precision integer arithmetic operations.",
                "ext-libsodium": "SSH2/SFTP can make use of some algorithms provided by the libsodium-php extension.",
                "ext-mcrypt": "Install the Mcrypt extension in order to speed up a few other cryptographic operations.",
                "ext-openssl": "Install the OpenSSL extension in order to speed up a wide variety of cryptographic operations.",
                "pear-pear/PHP_Compat": "Install PHP_Compat to get phpseclib working on PHP < 5.0.0."
            },
            "type": "library",
            "autoload": {
                "psr-4": {
                    "phpseclib\\": "phpseclib/"
                }
            },
            "notification-url": "https://packagist.org/downloads/",
            "include-path": [
                "phpseclib/"
            ],
            "license": [
                "MIT"
            ],
            "authors": [
                {
                    "name": "Jim Wigginton",
                    "email": "terrafrost@php.net",
                    "role": "Lead Developer"
                },
                {
                    "name": "Patrick Monnerat",
                    "email": "pm@datasphere.ch",
                    "role": "Developer"
                },
                {
                    "name": "Andreas Fischer",
                    "email": "bantu@phpbb.com",
                    "role": "Developer"
                },
                {
                    "name": "Hans-Jürgen Petrich",
                    "email": "petrich@tronic-media.com",
                    "role": "Developer"
                }
            ],
            "description": "PHP Secure Communications Library - Pure-PHP implementations of RSA, AES, SSH2, SFTP, X.509 etc.",
            "homepage": "http://phpseclib.sourceforge.net",
            "keywords": [
                "BigInteger",
                "aes",
                "asn.1",
                "asn1",
                "blowfish",
                "crypto",
                "cryptography",
                "encryption",
                "rsa",
                "security",
                "sftp",
                "signature",
                "signing",
                "ssh",
                "twofish",
                "x.509",
                "x509"
            ],
            "time": "2015-08-04 04:48:03"
        },
        {
            "name": "twig/twig",
            "version": "v1.22.2",
            "source": {
                "type": "git",
                "url": "https://github.com/twigphp/Twig.git",
                "reference": "79249fc8c9ff62e41e217e0c630e2e00bcadda6a"
            },
            "dist": {
                "type": "zip",
                "url": "https://api.github.com/repos/twigphp/Twig/zipball/79249fc8c9ff62e41e217e0c630e2e00bcadda6a",
                "reference": "79249fc8c9ff62e41e217e0c630e2e00bcadda6a",
                "shasum": ""
            },
            "require": {
                "php": ">=5.2.7"
            },
            "require-dev": {
                "symfony/debug": "~2.7",
                "symfony/phpunit-bridge": "~2.7"
            },
            "type": "library",
            "extra": {
                "branch-alias": {
                    "dev-master": "1.22-dev"
                }
            },
            "autoload": {
                "psr-0": {
                    "Twig_": "lib/"
                }
            },
            "notification-url": "https://packagist.org/downloads/",
            "license": [
                "BSD-3-Clause"
            ],
            "authors": [
                {
                    "name": "Fabien Potencier",
                    "email": "fabien@symfony.com",
                    "homepage": "http://fabien.potencier.org",
                    "role": "Lead Developer"
                },
                {
                    "name": "Armin Ronacher",
                    "email": "armin.ronacher@active-4.com",
                    "role": "Project Founder"
                },
                {
                    "name": "Twig Team",
                    "homepage": "http://twig.sensiolabs.org/contributors",
                    "role": "Contributors"
                }
            ],
            "description": "Twig, the flexible, fast, and secure template language for PHP",
            "homepage": "http://twig.sensiolabs.org",
            "keywords": [
                "templating"
            ],
            "time": "2015-09-22 13:59:32"
        }
    ],
    "packages-dev": [],
    "aliases": [],
    "minimum-stability": "stable",
    "stability-flags": [],
    "prefer-stable": false,
    "prefer-lowest": false,
    "platform": {
        "php": ">=5.3.0"
    },
    "platform-dev": []
}
